
Microsoft Visual Studio Solution File, Format Version 12.00
# Visual Studio Version 16
VisualStudioVersion = 16.0.30523.141
MinimumVisualStudioVersion = 10.0.40219.1
Project("{FAE04EC0-301F-11D3-BF4B-00C04F79EFBC}") = "StarWarsXF.UWP", "StarWarsXF\StarWarsXF.UWP\StarWarsXF.UWP.csproj", "{63EFFC23-8B13-45D1-9BC3-EF9AEB61A5D8}"
EndProject
Project("{FAE04EC0-301F-11D3-BF4B-00C04F79EFBC}") = "StarWarsXF.Android", "StarWarsXF\StarWarsXF.Android\StarWarsXF.Android.csproj", "{95537736-6F52-494C-9477-900E63DA12EF}"
EndProject
Project("{FAE04EC0-301F-11D3-BF4B-00C04F79EFBC}") = "StarWarsXF", "StarWarsXF\StarWarsXF\StarWarsXF.csproj", "{9DFF54C3-E7D1-4EF0-A548-1012AE4C77BA}"
EndProject
Project("{9A19103F-16F7-4668-BE54-9A1E7A4F7556}") = "StarWarsUniverse.Domain", "StarWarsUniverse.Domain\StarWarsUniverse.Domain.csproj", "{441BC558-EA64-4B24-A767-B468A8276531}"
EndProject
Project("{9A19103F-16F7-4668-BE54-9A1E7A4F7556}") = "StarWarsUniverse.Data", "StarWarsUniverse.Data\StarWarsUniverse.Data.csproj", "{67BEB076-56AC-4B6F-87B9-9134DC63DC4D}"
EndProject
Project("{9A19103F-16F7-4668-BE54-9A1E7A4F7556}") = "StarWarsUniverse.Tests", "StarWarsUniverse.Tests\StarWarsUniverse.Tests.csproj", "{8EA52819-98CD-453B-844B-BC77659AD53D}"
EndProject
Project("{FAE04EC0-301F-11D3-BF4B-00C04F79EFBC}") = "DummyConsole", "DummyConsole\DummyConsole.csproj", "{6E8F6B08-C73F-4A66-A7EF-10D3C8433760}"
EndProject
Global
	GlobalSection(SolutionConfigurationPlatforms) = preSolution
		Debug|Any CPU = Debug|Any CPU
		Debug|ARM = Debug|ARM
		Debug|x64 = Debug|x64
		Debug|x86 = Debug|x86
		Release|Any CPU = Release|Any CPU
		Release|ARM = Release|ARM
		Release|x64 = Release|x64
		Release|x86 = Release|x86
	EndGlobalSection
	GlobalSection(ProjectConfigurationPlatforms) = postSolution
		{63EFFC23-8B13-45D1-9BC3-EF9AEB61A5D8}.Debug|Any CPU.ActiveCfg = Debug|x86
		{63EFFC23-8B13-45D1-9BC3-EF9AEB61A5D8}.Debug|Any CPU.Build.0 = Debug|x86
		{63EFFC23-8B13-45D1-9BC3-EF9AEB61A5D8}.Debug|Any CPU.Deploy.0 = Debug|x86
		{63EFFC23-8B13-45D1-9BC3-EF9AEB61A5D8}.Debug|ARM.ActiveCfg = Debug|ARM
		{63EFFC23-8B13-45D1-9BC3-EF9AEB61A5D8}.Debug|ARM.Build.0 = Debug|ARM
		{63EFFC23-8B13-45D1-9BC3-EF9AEB61A5D8}.Debug|ARM.Deploy.0 = Debug|ARM
		{63EFFC23-8B13-45D1-9BC3-EF9AEB61A5D8}.Debug|x64.ActiveCfg = Debug|x64
		{63EFFC23-8B13-45D1-9BC3-EF9AEB61A5D8}.Debug|x64.Build.0 = Debug|x64
		{63EFFC23-8B13-45D1-9BC3-EF9AEB61A5D8}.Debug|x64.Deploy.0 = Debug|x64
		{63EFFC23-8B13-45D1-9BC3-EF9AEB61A5D8}.Debug|x86.ActiveCfg = Debug|x86
		{63EFFC23-8B13-45D1-9BC3-EF9AEB61A5D8}.Debug|x86.Build.0 = Debug|x86
		{63EFFC23-8B13-45D1-9BC3-EF9AEB61A5D8}.Debug|x86.Deploy.0 = Debug|x86
		{63EFFC23-8B13-45D1-9BC3-EF9AEB61A5D8}.Release|Any CPU.ActiveCfg = Release|x86
		{63EFFC23-8B13-45D1-9BC3-EF9AEB61A5D8}.Release|Any CPU.Build.0 = Release|x86
		{63EFFC23-8B13-45D1-9BC3-EF9AEB61A5D8}.Release|Any CPU.Deploy.0 = Release|x86
		{63EFFC23-8B13-45D1-9BC3-EF9AEB61A5D8}.Release|ARM.ActiveCfg = Release|ARM
		{63EFFC23-8B13-45D1-9BC3-EF9AEB61A5D8}.Release|ARM.Build.0 = Release|ARM
		{63EFFC23-8B13-45D1-9BC3-EF9AEB61A5D8}.Release|ARM.Deploy.0 = Release|ARM
		{63EFFC23-8B13-45D1-9BC3-EF9AEB61A5D8}.Release|x64.ActiveCfg = Release|x64
		{63EFFC23-8B13-45D1-9BC3-EF9AEB61A5D8}.Release|x64.Build.0 = Release|x64
		{63EFFC23-8B13-45D1-9BC3-EF9AEB61A5D8}.Release|x64.Deploy.0 = Release|x64
		{63EFFC23-8B13-45D1-9BC3-EF9AEB61A5D8}.Release|x86.ActiveCfg = Release|x86
		{63EFFC23-8B13-45D1-9BC3-EF9AEB61A5D8}.Release|x86.Build.0 = Release|x86
		{63EFFC23-8B13-45D1-9BC3-EF9AEB61A5D8}.Release|x86.Deploy.0 = Release|x86
		{95537736-6F52-494C-9477-900E63DA12EF}.Debug|Any CPU.ActiveCfg = Debug|Any CPU
		{95537736-6F52-494C-9477-900E63DA12EF}.Debug|Any CPU.Build.0 = Debug|Any CPU
		{95537736-6F52-494C-9477-900E63DA12EF}.Debug|Any CPU.Deploy.0 = Debug|Any CPU
		{95537736-6F52-494C-9477-900E63DA12EF}.Debug|ARM.ActiveCfg = Debug|Any CPU
		{95537736-6F52-494C-9477-900E63DA12EF}.Debug|ARM.Build.0 = Debug|Any CPU
		{95537736-6F52-494C-9477-900E63DA12EF}.Debug|ARM.Deploy.0 = Debug|Any CPU
		{95537736-6F52-494C-9477-900E63DA12EF}.Debug|x64.ActiveCfg = Debug|Any CPU
		{95537736-6F52-494C-9477-900E63DA12EF}.Debug|x64.Build.0 = Debug|Any CPU
		{95537736-6F52-494C-9477-900E63DA12EF}.Debug|x64.Deploy.0 = Debug|Any CPU
		{95537736-6F52-494C-9477-900E63DA12EF}.Debug|x86.ActiveCfg = Debug|Any CPU
		{95537736-6F52-494C-9477-900E63DA12EF}.Debug|x86.Build.0 = Debug|Any CPU
		{95537736-6F52-494C-9477-900E63DA12EF}.Debug|x86.Deploy.0 = Debug|Any CPU
		{95537736-6F52-494C-9477-900E63DA12EF}.Release|Any CPU.ActiveCfg = Release|Any CPU
		{95537736-6F52-494C-9477-900E63DA12EF}.Release|Any CPU.Build.0 = Release|Any CPU
		{95537736-6F52-494C-9477-900E63DA12EF}.Release|Any CPU.Deploy.0 = Release|Any CPU
		{95537736-6F52-494C-9477-900E63DA12EF}.Release|ARM.ActiveCfg = Release|Any CPU
		{95537736-6F52-494C-9477-900E63DA12EF}.Release|ARM.Build.0 = Release|Any CPU
		{95537736-6F52-494C-9477-900E63DA12EF}.Release|ARM.Deploy.0 = Release|Any CPU
		{95537736-6F52-494C-9477-900E63DA12EF}.Release|x64.ActiveCfg = Release|Any CPU
		{95537736-6F52-494C-9477-900E63DA12EF}.Release|x64.Build.0 = Release|Any CPU
		{95537736-6F52-494C-9477-900E63DA12EF}.Release|x64.Deploy.0 = Release|Any CPU
		{95537736-6F52-494C-9477-900E63DA12EF}.Release|x86.ActiveCfg = Release|Any CPU
		{95537736-6F52-494C-9477-900E63DA12EF}.Release|x86.Build.0 = Release|Any CPU
		{95537736-6F52-494C-9477-900E63DA12EF}.Release|x86.Deploy.0 = Release|Any CPU
		{9DFF54C3-E7D1-4EF0-A548-1012AE4C77BA}.Debug|Any CPU.ActiveCfg = Debug|Any CPU
		{9DFF54C3-E7D1-4EF0-A548-1012AE4C77BA}.Debug|Any CPU.Build.0 = Debug|Any CPU
		{9DFF54C3-E7D1-4EF0-A548-1012AE4C77BA}.Debug|Any CPU.Deploy.0 = Debug|Any CPU
		{9DFF54C3-E7D1-4EF0-A548-1012AE4C77BA}.Debug|ARM.ActiveCfg = Debug|Any CPU
		{9DFF54C3-E7D1-4EF0-A548-1012AE4C77BA}.Debug|ARM.Build.0 = Debug|Any CPU
		{9DFF54C3-E7D1-4EF0-A548-1012AE4C77BA}.Debug|ARM.Deploy.0 = Debug|Any CPU
		{9DFF54C3-E7D1-4EF0-A548-1012AE4C77BA}.Debug|x64.ActiveCfg = Debug|Any CPU
		{9DFF54C3-E7D1-4EF0-A548-1012AE4C77BA}.Debug|x64.Build.0 = Debug|Any CPU
		{9DFF54C3-E7D1-4EF0-A548-1012AE4C77BA}.Debug|x64.Deploy.0 = Debug|Any CPU
		{9DFF54C3-E7D1-4EF0-A548-1012AE4C77BA}.Debug|x86.ActiveCfg = Debug|Any CPU
		{9DFF54C3-E7D1-4EF0-A548-1012AE4C77BA}.Debug|x86.Build.0 = Debug|Any CPU
		{9DFF54C3-E7D1-4EF0-A548-1012AE4C77BA}.Debug|x86.Deploy.0 = Debug|Any CPU
		{9DFF54C3-E7D1-4EF0-A548-1012AE4C77BA}.Release|Any CPU.ActiveCfg = Release|Any CPU
		{9DFF54C3-E7D1-4EF0-A548-1012AE4C77BA}.Release|Any CPU.Build.0 = Release|Any CPU
		{9DFF54C3-E7D1-4EF0-A548-1012AE4C77BA}.Release|Any CPU.Deploy.0 = Release|Any CPU
		{9DFF54C3-E7D1-4EF0-A548-1012AE4C77BA}.Release|ARM.ActiveCfg = Release|Any CPU
		{9DFF54C3-E7D1-4EF0-A548-1012AE4C77BA}.Release|ARM.Build.0 = Release|Any CPU
		{9DFF54C3-E7D1-4EF0-A548-1012AE4C77BA}.Release|ARM.Deploy.0 = Release|Any CPU
		{9DFF54C3-E7D1-4EF0-A548-1012AE4C77BA}.Release|x64.ActiveCfg = Release|Any CPU
		{9DFF54C3-E7D1-4EF0-A548-1012AE4C77BA}.Release|x64.Build.0 = Release|Any CPU
		{9DFF54C3-E7D1-4EF0-A548-1012AE4C77BA}.Release|x64.Deploy.0 = Release|Any CPU
		{9DFF54C3-E7D1-4EF0-A548-1012AE4C77BA}.Release|x86.ActiveCfg = Release|Any CPU
		{9DFF54C3-E7D1-4EF0-A548-1012AE4C77BA}.Release|x86.Build.0 = Release|Any CPU
		{9DFF54C3-E7D1-4EF0-A548-1012AE4C77BA}.Release|x86.Deploy.0 = Release|Any CPU
		{441BC558-EA64-4B24-A767-B468A8276531}.Debug|Any CPU.ActiveCfg = Debug|Any CPU
		{441BC558-EA64-4B24-A767-B468A8276531}.Debug|Any CPU.Build.0 = Debug|Any CPU
		{441BC558-EA64-4B24-A767-B468A8276531}.Debug|ARM.ActiveCfg = Debug|Any CPU
		{441BC558-EA64-4B24-A767-B468A8276531}.Debug|ARM.Build.0 = Debug|Any CPU
		{441BC558-EA64-4B24-A767-B468A8276531}.Debug|x64.ActiveCfg = Debug|Any CPU
		{441BC558-EA64-4B24-A767-B468A8276531}.Debug|x64.Build.0 = Debug|Any CPU
		{441BC558-EA64-4B24-A767-B468A8276531}.Debug|x86.ActiveCfg = Debug|Any CPU
		{441BC558-EA64-4B24-A767-B468A8276531}.Debug|x86.Build.0 = Debug|Any CPU
		{441BC558-EA64-4B24-A767-B468A8276531}.Release|Any CPU.ActiveCfg = Release|Any CPU
		{441BC558-EA64-4B24-A767-B468A8276531}.Release|Any CPU.Build.0 = Release|Any CPU
		{441BC558-EA64-4B24-A767-B468A8276531}.Release|ARM.ActiveCfg = Release|Any CPU
		{441BC558-EA64-4B24-A767-B468A8276531}.Release|ARM.Build.0 = Release|Any CPU
		{441BC558-EA64-4B24-A767-B468A8276531}.Release|x64.ActiveCfg = Release|Any CPU
		{441BC558-EA64-4B24-A767-B468A8276531}.Release|x64.Build.0 = Release|Any CPU
		{441BC558-EA64-4B24-A767-B468A8276531}.Release|x86.ActiveCfg = Release|Any CPU
		{441BC558-EA64-4B24-A767-B468A8276531}.Release|x86.Build.0 = Release|Any CPU
		{67BEB076-56AC-4B6F-87B9-9134DC63DC4D}.Debug|Any CPU.ActiveCfg = Debug|Any CPU
		{67BEB076-56AC-4B6F-87B9-9134DC63DC4D}.Debug|Any CPU.Build.0 = Debug|Any CPU
		{67BEB076-56AC-4B6F-87B9-9134DC63DC4D}.Debug|ARM.ActiveCfg = Debug|Any CPU
		{67BEB076-56AC-4B6F-87B9-9134DC63DC4D}.Debug|ARM.Build.0 = Debug|Any CPU
		{67BEB076-56AC-4B6F-87B9-9134DC63DC4D}.Debug|x64.ActiveCfg = Debug|Any CPU
		{67BEB076-56AC-4B6F-87B9-9134DC63DC4D}.Debug|x64.Build.0 = Debug|Any CPU
		{67BEB076-56AC-4B6F-87B9-9134DC63DC4D}.Debug|x86.ActiveCfg = Debug|Any CPU
		{67BEB076-56AC-4B6F-87B9-9134DC63DC4D}.Debug|x86.Build.0 = Debug|Any CPU
		{67BEB076-56AC-4B6F-87B9-9134DC63DC4D}.Release|Any CPU.ActiveCfg = Release|Any CPU
		{67BEB076-56AC-4B6F-87B9-9134DC63DC4D}.Release|Any CPU.Build.0 = Release|Any CPU
		{67BEB076-56AC-4B6F-87B9-9134DC63DC4D}.Release|ARM.ActiveCfg = Release|Any CPU
		{67BEB076-56AC-4B6F-87B9-9134DC63DC4D}.Release|ARM.Build.0 = Release|Any CPU
		{67BEB076-56AC-4B6F-87B9-9134DC63DC4D}.Release|x64.ActiveCfg = Release|Any CPU
		{67BEB076-56AC-4B6F-87B9-9134DC63DC4D}.Release|x64.Build.0 = Release|Any CPU
		{67BEB076-56AC-4B6F-87B9-9134DC63DC4D}.Release|x86.ActiveCfg = Release|Any CPU
		{67BEB076-56AC-4B6F-87B9-9134DC63DC4D}.Release|x86.Build.0 = Release|Any CPU
		{8EA52819-98CD-453B-844B-BC77659AD53D}.Debug|Any CPU.ActiveCfg = Debug|Any CPU
		{8EA52819-98CD-453B-844B-BC77659AD53D}.Debug|Any CPU.Build.0 = Debug|Any CPU
		{8EA52819-98CD-453B-844B-BC77659AD53D}.Debug|ARM.ActiveCfg = Debug|Any CPU
		{8EA52819-98CD-453B-844B-BC77659AD53D}.Debug|ARM.Build.0 = Debug|Any CPU
		{8EA52819-98CD-453B-844B-BC77659AD53D}.Debug|x64.ActiveCfg = Debug|Any CPU
		{8EA52819-98CD-453B-844B-BC77659AD53D}.Debug|x64.Build.0 = Debug|Any CPU
		{8EA52819-98CD-453B-844B-BC77659AD53D}.Debug|x86.ActiveCfg = Debug|Any CPU
		{8EA52819-98CD-453B-844B-BC77659AD53D}.Debug|x86.Build.0 = Debug|Any CPU
		{8EA52819-98CD-453B-844B-BC77659AD53D}.Release|Any CPU.ActiveCfg = Release|Any CPU
		{8EA52819-98CD-453B-844B-BC77659AD53D}.Release|Any CPU.Build.0 = Release|Any CPU
		{8EA52819-98CD-453B-844B-BC77659AD53D}.Release|ARM.ActiveCfg = Release|Any CPU
		{8EA52819-98CD-453B-844B-BC77659AD53D}.Release|ARM.Build.0 = Release|Any CPU
		{8EA52819-98CD-453B-844B-BC77659AD53D}.Release|x64.ActiveCfg = Release|Any CPU
		{8EA52819-98CD-453B-844B-BC77659AD53D}.Release|x64.Build.0 = Release|Any CPU
		{8EA52819-98CD-453B-844B-BC77659AD53D}.Release|x86.ActiveCfg = Release|Any CPU
		{8EA52819-98CD-453B-844B-BC77659AD53D}.Release|x86.Build.0 = Release|Any CPU
		{6E8F6B08-C73F-4A66-A7EF-10D3C8433760}.Debug|Any CPU.ActiveCfg = Debug|Any CPU
		{6E8F6B08-C73F-4A66-A7EF-10D3C8433760}.Debug|Any CPU.Build.0 = Debug|Any CPU
		{6E8F6B08-C73F-4A66-A7EF-10D3C8433760}.Debug|ARM.ActiveCfg = Debug|Any CPU
		{6E8F6B08-C73F-4A66-A7EF-10D3C8433760}.Debug|ARM.Build.0 = Debug|Any CPU
		{6E8F6B08-C73F-4A66-A7EF-10D3C8433760}.Debug|x64.ActiveCfg = Debug|Any CPU
		{6E8F6B08-C73F-4A66-A7EF-10D3C8433760}.Debug|x64.Build.0 = Debug|Any CPU
		{6E8F6B08-C73F-4A66-A7EF-10D3C8433760}.Debug|x86.ActiveCfg = Debug|Any CPU
		{6E8F6B08-C73F-4A66-A7EF-10D3C8433760}.Debug|x86.Build.0 = Debug|Any CPU
		{6E8F6B08-C73F-4A66-A7EF-10D3C8433760}.Release|Any CPU.ActiveCfg = Release|Any CPU
		{6E8F6B08-C73F-4A66-A7EF-10D3C8433760}.Release|Any CPU.Build.0 = Release|Any CPU
		{6E8F6B08-C73F-4A66-A7EF-10D3C8433760}.Release|ARM.ActiveCfg = Release|Any CPU
		{6E8F6B08-C73F-4A66-A7EF-10D3C8433760}.Release|ARM.Build.0 = Release|Any CPU
		{6E8F6B08-C73F-4A66-A7EF-10D3C8433760}.Release|x64.ActiveCfg = Release|Any CPU
		{6E8F6B08-C73F-4A66-A7EF-10D3C8433760}.Release|x64.Build.0 = Release|Any CPU
		{6E8F6B08-C73F-4A66-A7EF-10D3C8433760}.Release|x86.ActiveCfg = Release|Any CPU
		{6E8F6B08-C73F-4A66-A7EF-10D3C8433760}.Release|x86.Build.0 = Release|Any CPU
	EndGlobalSection
	GlobalSection(SolutionProperties) = preSolution
		HideSolutionNode = FALSE
	EndGlobalSection
	GlobalSection(ExtensibilityGlobals) = postSolution
		SolutionGuid = {2BBFBD20-C92C-4C46-9751-2282B1181A83}
	EndGlobalSection
EndGlobal
